Microsoft Visual Studio Solution File, Format Version 12.00
# Visual Studio Version 17
VisualStudioVersion = 17.5.2.0
MinimumVisualStudioVersion = 10.0.40219.1
Project("{FAE04EC0-301F-11D3-BF4B-00C04F79EFBC}") = "hospital-backend", "hospital-backend\hospital-backend.csproj", "{E70ABCE4-464E-466C-6E3F-5BA7E45270E8}"
EndProject
Global
	GlobalSection(SolutionConfigurationPlatforms) = preSolution
		Debug|Any CPU = Debug|Any CPU
		Release|Any CPU = Release|Any CPU
	EndGlobalSection
	GlobalSection(ProjectConfigurationPlatforms) = postSolution
		{E70ABCE4-464E-466C-6E3F-5BA7E45270E8}.Debug|Any CPU.ActiveCfg = Debug|Any CPU
		{E70ABCE4-464E-466C-6E3F-5BA7E45270E8}.Debug|Any CPU.Build.0 = Debug|Any CPU
		{E70ABCE4-464E-466C-6E3F-5BA7E45270E8}.Release|Any CPU.ActiveCfg = Release|Any CPU
		{E70ABCE4-464E-466C-6E3F-5BA7E45270E8}.Release|Any CPU.Build.0 = Release|Any CPU
	EndGlobalSection
	GlobalSection(SolutionProperties) = preSolution
		HideSolutionNode = FALSE
	EndGlobalSection
	GlobalSection(ExtensibilityGlobals) = postSolution
		SolutionGuid = {16BD2ACC-F0B5-4A44-AC23-96BA8CE32A5C}
	EndGlobalSection
EndGlobal
